
Microsoft Visual Studio Solution File, Format Version 12.00
# Visual Studio Version 17
VisualStudioVersion = 17.14.37012.4 d17.14
MinimumVisualStudioVersion = 10.0.40219.1
Project("{FAE04EC0-301F-11D3-BF4B-00C04F79EFBC}") = "KatalogGamePribadi", "KatalogGamePribadi.csproj", "{0705322A-50F0-4AE2-94E3-21A6A778203B}"
EndProject
Global
	GlobalSection(SolutionConfigurationPlatforms) = preSolution
		Debug|Any CPU = Debug|Any CPU
		Release|Any CPU = Release|Any CPU
	EndGlobalSection
	GlobalSection(ProjectConfigurationPlatforms) = postSolution
		{0705322A-50F0-4AE2-94E3-21A6A778203B}.Debug|Any CPU.ActiveCfg = Debug|Any CPU
		{0705322A-50F0-4AE2-94E3-21A6A778203B}.Debug|Any CPU.Build.0 = Debug|Any CPU
		{0705322A-50F0-4AE2-94E3-21A6A778203B}.Release|Any CPU.ActiveCfg = Release|Any CPU
		{0705322A-50F0-4AE2-94E3-21A6A778203B}.Release|Any CPU.Build.0 = Release|Any CPU
	EndGlobalSection
	GlobalSection(SolutionProperties) = preSolution
		HideSolutionNode = FALSE
	EndGlobalSection
	GlobalSection(ExtensibilityGlobals) = postSolution
		SolutionGuid = {01CBC2BE-65F4-4175-B393-149ABA06C412}
	EndGlobalSection
EndGlobal
